
Microsoft Visual Studio Solution File, Format Version 12.00
# Visual Studio Version 16
VisualStudioVersion = 16.0.30804.86
MinimumVisualStudioVersion = 10.0.40219.1
Project("{9A19103F-16F7-4668-BE54-9A1E7A4F7556}") = "GroupProjectApi", "GroupProjectApi\GroupProjectApi.csproj", "{73A00C42-364C-4761-BF53-9D6C28500B7C}"
EndProject
Project("{FAE04EC0-301F-11D3-BF4B-00C04F79EFBC}") = "GroupProjectApi.Tests", "GroupProjectApi.Tests\GroupProjectApi.Tests.csproj", "{62E780BA-DADA-41A6-8454-3FF6F1CC7411}"
EndProject
Global
	GlobalSection(SolutionConfigurationPlatforms) = preSolution
		Debug|Any CPU = Debug|Any CPU
		Release|Any CPU = Release|Any CPU
	EndGlobalSection
	GlobalSection(ProjectConfigurationPlatforms) = postSolution
		{73A00C42-364C-4761-BF53-9D6C28500B7C}.Debug|Any CPU.ActiveCfg = Debug|Any CPU
		{73A00C42-364C-4761-BF53-9D6C28500B7C}.Debug|Any CPU.Build.0 = Debug|Any CPU
		{73A00C42-364C-4761-BF53-9D6C28500B7C}.Release|Any CPU.ActiveCfg = Release|Any CPU
		{73A00C42-364C-4761-BF53-9D6C28500B7C}.Release|Any CPU.Build.0 = Release|Any CPU
		{62E780BA-DADA-41A6-8454-3FF6F1CC7411}.Debug|Any CPU.ActiveCfg = Debug|Any CPU
		{62E780BA-DADA-41A6-8454-3FF6F1CC7411}.Debug|Any CPU.Build.0 = Debug|Any CPU
		{62E780BA-DADA-41A6-8454-3FF6F1CC7411}.Release|Any CPU.ActiveCfg = Release|Any CPU
		{62E780BA-DADA-41A6-8454-3FF6F1CC7411}.Release|Any CPU.Build.0 = Release|Any CPU
	EndGlobalSection
	GlobalSection(SolutionProperties) = preSolution
		HideSolutionNode = FALSE
	EndGlobalSection
	GlobalSection(ExtensibilityGlobals) = postSolution
		SolutionGuid = {3D014789-9FDC-447C-8924-7DE94DAFF041}
	EndGlobalSection
EndGlobal
